{
  "name": "ssh-to-hosts",
  "version": "1.0.0",
  "lockfileVersion": 1,
  "requires": true,
  "dependencies": {
    "app-root-path": {
      "version": "2.2.1",
      "resolved": "https://registry.npmjs.org/app-root-path/-/app-root-path-2.2.1.tgz",
      "integrity": "sha512-91IFKeKk7FjfmezPKkwtaRvSpnUc4gDwPAjA1YZ9Gn0q0PPeW+vbeUsZuyDwjI7+QTHhcLen2v25fi/AmhvbJA=="
    },
    "easy-promise-queue": {
      "version": "0.5.7",
      "resolved": "https://registry.npmjs.org/easy-promise-queue/-/easy-promise-queue-0.5.7.tgz",
      "integrity": "sha512-3VwTIcryQVDOzw7UDR9D1DA9Utb4MbJTTxaWO6rokMXjTg6ouS1b4jZI5BQOKZnpe8E6UaJy2EhdcgMv7ki8tA=="
    },
    "extend": {
      "version": "3.0.2",
      "resolved": "https://registry.npmjs.org/extend/-/extend-3.0.2.tgz",
      "integrity": "sha512-fjquC59cD7CyW6urNXK0FBufkZcoiGG80wTuPujX590cB5Ttln20E2UB4S/WARVqhXffZl2LNgS+gQdPIIim/g=="
    },
    "minimist": {
      "version": "1.2.8",
      "resolved": "https://registry.npmjs.org/minimist/-/minimist-1.2.8.tgz",
      "integrity": "sha512-2yyAR8qBkN3YuheJanUpWC5U3bb5osDywNB8RzDVlDwDHbocAJveqqj1u8+SVD7jkWT4yvsHCpWqqWqAxb0zCA=="
    },
    "moment": {
      "version": "2.29.4",
      "resolved": "https://registry.npmjs.org/moment/-/moment-2.29.4.tgz",
      "integrity": "sha512-5LC9SOxjSc2HF6vO2CyuTDNivEdoz2IvyJJGj6X8DJ0eFyfszE0QiEd+iXmBvUP3WHxSjFH/vIsA0EN00cgr8w=="
    },
    "nodeproxy": {
      "version": "1.0.0",
      "resolved": "https://registry.npmjs.org/nodeproxy/-/nodeproxy-1.0.0.tgz",
      "integrity": "sha512-eC2UOJdkyTZYx52JwRJHr4fBy7Rgwba8RKnSd5uNxkqnhg3TwgX4xzI5x44tKEfe9Scz2v3vp8+RyrXS84/eDg=="
    },
    "oliver-framework": {
      "version": "git+ssh://git@github.com/antbuddy-share/oliver-framework.git#89bc6eb2b8eb2de7b9b1af97368b3fe62535ef11",
      "from": "git+ssh://git@github.com/antbuddy-share/oliver-framework.git",
      "requires": {
        "app-root-path": "^2.2.1",
        "easy-promise-queue": "^0.5.4",
        "extend": "^3.0.2",
        "minimist": "^1.2.0",
        "moment": "^2.24.0",
        "nodeproxy": "^1.0.0",
        "promise-foreach": "^1.0.23",
        "sprintf-js": "^1.1.2"
      }
    },
    "promise-foreach": {
      "version": "1.0.23",
      "resolved": "https://registry.npmjs.org/promise-foreach/-/promise-foreach-1.0.23.tgz",
      "integrity": "sha512-XdfAOZmDd2fFTn/p98yypHPx7oKp06Ymvsv6jUCUKg2PhJnxt2x92e0UDsuZEPXtLvsqLL6Wg9Zm95o4ebbiGA=="
    },
    "sprintf-js": {
      "version": "1.1.2",
      "resolved": "https://registry.npmjs.org/sprintf-js/-/sprintf-js-1.1.2.tgz",
      "integrity": "sha512-VE0SOVEHCk7Qc8ulkWw3ntAzXuqf7S2lvwQaDLRnUeIEaKNQJzV6BwmLKhOqT61aGhfUMrXeaBk+oDGCzvhcug=="
    }
  }
}
